lockfileVersion: '9.0'

settings:
  autoInstallPeers: true
  excludeLinksFromLockfile: false

importers:

  .: {}

  experiments/v4:
    dependencies:
      acorn:
        specifier: ^8.17.0
        version: 8.17.0
      happy-dom:
        specifier: ^20.11.0
        version: 20.11.0
      retext:
        specifier: ^9.0.0
        version: 9.0.0
      retext-passive:
        specifier: ^5.0.0
        version: 5.0.0
      retext-stringify:
        specifier: ^4.0.0
        version: 4.0.0

packages:

  '@types/nlcst@2.0.3':
    resolution: {integrity: sha512-vSYNSDe6Ix3q+6Z7ri9lyWqgGhJTmzRjZRqyq15N0Z/1/UnVsno9G/N40NBijoYx2seFDIl0+B2mgAb9mezUCA==}

  '@types/node@25.0.10':
    resolution: {integrity: sha512-zWW5KPngR/yvakJgGOmZ5vTBemDoSqF3AcV/LrO5u5wTWyEAVVh+IT39G4gtyAkh3CtTZs8aX/yRM82OfzHJRg==}

  '@types/unist@3.0.3':
    resolution: {integrity: sha512-ko/gIFJRv177XgZsZcBwnqJN5x/Gien8qNOn0D5bQU/zAzVf9Zt3BlcUiLqhV9y4ARk0GbT3tnUiPNgnTXzc/Q==}

  '@types/whatwg-mimetype@3.0.2':
    resolution: {integrity: sha512-c2AKvDT8ToxLIOUlN51gTiHXflsfIFisS4pO7pDPoKouJCESkhZnEy623gwP9laCy5lnLDAw1vAzu2vM2YLOrA==}

  '@types/ws@8.18.1':
    resolution: {integrity: sha512-ThVF6DCVhA8kUGy+aazFQ4kXQ7E1Ty7A3ypFOe0IcJV8O/M511G99AW24irKrW56Wt44yG9+ij8FaqoBGkuBXg==}

  acorn@8.17.0:
    resolution: {integrity: sha512-xRQbDb9BnwDafYNn6Vwl839DYVjqXYb1XVGtWAZ1kcDc6iwAL4hg3B1dZlRiuENFeO2H53gFG3in621AdERVAg==}
    engines: {node: '>=0.4.0'}
    hasBin: true

  array-iterate@2.0.1:
    resolution: {integrity: sha512-I1jXZMjAgCMmxT4qxXfPXa6SthSoE8h6gkSI9BGGNv8mP8G/v0blc+qFnZu6K42vTOiuME596QaLO0TP3Lk0xg==}

  bail@2.0.2:
    resolution: {integrity: sha512-0xO6mYd7JB2YesxDKplafRpsiOzPt9V02ddPCLbY1xYGPOX24NTyN50qnUxgCPcSoYMhKpAuBTjQoRZCAkUDRw==}

  buffer-image-size@0.6.4:
    resolution: {integrity: sha512-nEh+kZOPY1w+gcCMobZ6ETUp9WfibndnosbpwB1iJk/8Gt5ZF2bhS6+B6bPYz424KtwsR6Rflc3tCz1/ghX2dQ==}
    engines: {node: '>=4.0'}

  dequal@2.0.3:
    resolution: {integrity: sha512-0je+qPKHEMohvfRTCEo3CrPG6cAzAYgmzKyxRiYSSDkS6eGJdyVJm7WaYA5ECaAD9wLB2T4EEeymA5aFVcYXCA==}
    engines: {node: '>=6'}

  devlop@1.1.0:
    resolution: {integrity: sha512-RWmIqhcFf1lRYBvNmr7qTNuyCt/7/ns2jbpp1+PalgE/rDQcBT0fioSMUpJ93irlUhC5hrg4cYqe6U+0ImW0rA==}

  entities@7.0.1:
    resolution: {integrity: sha512-TWrgLOFUQTH994YUyl1yT4uyavY5nNB5muff+RtWaqNVCAK408b5ZnnbNAUEWLTCpum9w6arT70i1XdQ4UeOPA==}
    engines: {node: '>=0.12'}

  extend@3.0.2:
    resolution: {integrity: sha512-fjquC59cD7CyW6urNXK0FBufkZcoiGG80wTuPujX590cB5Ttln20E2UB4S/WARVqhXffZl2LNgS+gQdPIIim/g==}

  happy-dom@20.11.0:
    resolution: {integrity: sha512-XogN4asPd1a56di9prVG6bZxteNcXsZxxKmAvcEfc5Px5Ca2hMyMgk8wvqK2K1V8zXg40j9VANXsDaJYh9DeNA==}
    engines: {node: '>=20.0.0'}

  is-plain-obj@4.1.0:
    resolution: {integrity: sha512-+Pgi+vMuUNkJyExiMBt5IlFoMyKnr5zhJ4Uspz58WOhBF5QoIZkFyNHIbBAtHwzVAgk5RtndVNsDRN61/mmDqg==}
    engines: {node: '>=12'}

  nlcst-is-literal@3.0.0:
    resolution: {integrity: sha512-LRlEzrPojNGqS5J48J5spHwwhri2mPAdls8Tf1u3h6cx2XLmBKpW97gIYo+J/nPR3DyjgX3aKginSEK53OWTCA==}

  nlcst-normalize@4.0.0:
    resolution: {integrity: sha512-R7t5UaYyCB6vN/o9PKGM/kFf5exb8RDiS6cx5BC1r3wKSHFtUyAehEVwT5TXG19sAOrM6O2QxXdWM9/tPdQseA==}

  nlcst-search@4.0.0:
    resolution: {integrity: sha512-QYewpDKfNwWmIoX6NTMn75/V4KFLTI5y8Am8QfqHTLjI1yl//1WCOiTEycG6wO5qcsSQ7i13ULfOhmjVsKd7yA==}

  nlcst-to-string@4.0.0:
    resolution: {integrity: sha512-YKLBCcUYKAg0FNlOBT6aI91qFmSiFKiluk655WzPF+DDMA02qIyy8uiRqI8QXtcFpEvll12LpL5MXqEmAZ+dcA==}

  parse-latin@7.0.0:
    resolution: {integrity: sha512-mhHgobPPua5kZ98EF4HWiH167JWBfl4pvAIXXdbaVohtK7a6YBOy56kvhCqduqyo/f3yrHFWmqmiMg/BkBkYYQ==}

  retext-latin@4.0.0:
    resolution: {integrity: sha512-hv9woG7Fy0M9IlRQloq/N6atV82NxLGveq+3H2WOi79dtIYWN8OaxogDm77f8YnVXJL2VD3bbqowu5E3EMhBYA==}

  retext-passive@5.0.0:
    resolution: {integrity: sha512-N9PpBPvE37Z5h/hvgfSIFJNB4E/iYJ9EHr848t53hbKRJkD7hWJf4D+UOIj5fxjOOO/WQKX53xLypEQxHWuCtA==}

  retext-stringify@4.0.0:
    resolution: {integrity: sha512-rtfN/0o8kL1e+78+uxPTqu1Klt0yPzKuQ2BfWwwfgIUSayyzxpM1PJzkKt4V8803uB9qSy32MvI7Xep9khTpiA==}

  retext@9.0.0:
    resolution: {integrity: sha512-sbMDcpHCNjvlheSgMfEcVrZko3cDzdbe1x/e7G66dFp0Ff7Mldvi2uv6JkJQzdRcvLYE8CA8Oe8siQx8ZOgTcA==}

  trough@2.2.0:
    resolution: {integrity: sha512-tmMpK00BjZiUyVyvrBK7knerNgmgvcV/KLVyuma/SC+TQN167GrMRciANTz09+k3zW8L8t60jWO1GpfkZdjTaw==}

  undici-types@7.16.0:
    resolution: {integrity: sha512-Zz+aZWSj8LE6zoxD+xrjh4VfkIG8Ya6LvYkZqtUQGJPZjYl53ypCaUwWqo7eI0x66KBGeRo+mlBEkMSeSZ38Nw==}

  unified@11.0.5:
    resolution: {integrity: sha512-xKvGhPWw3k84Qjh8bI3ZeJjqnyadK+GEFtazSfZv/rKeTkTjOJho6mFqh2SM96iIcZokxiOpg78GazTSg8+KHA==}

  unist-util-find-before@4.0.1:
    resolution: {integrity: sha512-hfpCNqPbCOseOjHU8oBkRXM8gDQ++Ua3dN7sDYz7VJ+1alt+yd/I+ECZDhv1aqpJ1x47AHbzP/xA0jWf4omAIw==}

  unist-util-is@6.0.1:
    resolution: {integrity: sha512-LsiILbtBETkDz8I9p1dQ0uyRUWuaQzd/cuEeS1hoRSyW5E5XGmTzlwY1OrNzzakGowI9Dr/I8HVaw4hTtnxy8g==}

  unist-util-modify-children@4.0.0:
    resolution: {integrity: sha512-+tdN5fGNddvsQdIzUF3Xx82CU9sMM+fA0dLgR9vOmT0oPT2jH+P1nd5lSqfCfXAw+93NhcXNY2qqvTUtE4cQkw==}

  unist-util-position@5.0.0:
    resolution: {integrity: sha512-fucsC7HjXvkB5R3kTCO7kUjRdrS0BJt3M/FPxmHMBOm8JQi2BsHAHFsy27E0EolP8rp0NzXsJ+jNPyDWvOJZPA==}

  unist-util-stringify-position@4.0.0:
    resolution: {integrity: sha512-0ASV06AAoKCDkS2+xw5RXJywruurpbC4JZSm7nr7MOt1ojAzvyyaO+UxZf18j8FCF6kmzCZKcAgN/yu2gm2XgQ==}

  unist-util-visit-children@3.0.0:
    resolution: {integrity: sha512-RgmdTfSBOg04sdPcpTSD1jzoNBjt9a80/ZCzp5cI9n1qPzLZWF9YdvWGN2zmTumP1HWhXKdUWexjy/Wy/lJ7tA==}

  unist-util-visit-parents@6.0.2:
    resolution: {integrity: sha512-goh1s1TBrqSqukSc8wrjwWhL0hiJxgA8m4kFxGlQ+8FYQ3C/m11FcTs4YYem7V664AhHVvgoQLk890Ssdsr2IQ==}

  unist-util-visit@5.1.0:
    resolution: {integrity: sha512-m+vIdyeCOpdr/QeQCu2EzxX/ohgS8KbnPDgFni4dQsfSCtpz8UqDyY5GjRru8PDKuYn7Fq19j1CQ+nJSsGKOzg==}

  vfile-message@4.0.3:
    resolution: {integrity: sha512-QTHzsGd1EhbZs4AsQ20JX1rC3cOlt/IWJruk893DfLRr57lcnOeMaWG4K0JrRta4mIJZKth2Au3mM3u03/JWKw==}

  vfile@6.0.3:
    resolution: {integrity: sha512-KzIbH/9tXat2u30jf+smMwFCsno4wHVdNmzFyL+T/L3UGqqk6JKfVqOFOZEpZSHADH1k40ab6NUIXZq422ov3Q==}

  whatwg-mimetype@3.0.0:
    resolution: {integrity: sha512-nt+N2dzIutVRxARx1nghPKGv1xHikU7HKdfafKkLNLindmPU/ch3U31NOCGGA/dmPcmb1VlofO0vnKAcsm0o/Q==}
    engines: {node: '>=12'}

  ws@8.21.1:
    resolution: {integrity: sha512-+0NTnW77fFN/DjQi6k/Sq/Yvk4Sgajw7urW8V+asjXnRgDs9gyGkdb7EzgfhA4goXsRIZKE28fzIXBHEzhuiWw==}
    engines: {node: '>=10.0.0'}
    peerDependencies:
      bufferutil: ^4.0.1
      utf-8-validate: '>=5.0.2'
    peerDependenciesMeta:
      bufferutil:
        optional: true
      utf-8-validate:
        optional: true

snapshots:

  '@types/nlcst@2.0.3':
    dependencies:
      '@types/unist': 3.0.3

  '@types/node@25.0.10':
    dependencies:
      undici-types: 7.16.0

  '@types/unist@3.0.3': {}

  '@types/whatwg-mimetype@3.0.2': {}

  '@types/ws@8.18.1':
    dependencies:
      '@types/node': 25.0.10

  acorn@8.17.0: {}

  array-iterate@2.0.1: {}

  bail@2.0.2: {}

  buffer-image-size@0.6.4:
    dependencies:
      '@types/node': 25.0.10

  dequal@2.0.3: {}

  devlop@1.1.0:
    dependencies:
      dequal: 2.0.3

  entities@7.0.1: {}

  extend@3.0.2: {}

  happy-dom@20.11.0:
    dependencies:
      '@types/node': 25.0.10
      '@types/whatwg-mimetype': 3.0.2
      '@types/ws': 8.18.1
      buffer-image-size: 0.6.4
      entities: 7.0.1
      whatwg-mimetype: 3.0.0
      ws: 8.21.1
    transitivePeerDependencies:
      - bufferutil
      - utf-8-validate

  is-plain-obj@4.1.0: {}

  nlcst-is-literal@3.0.0:
    dependencies:
      '@types/nlcst': 2.0.3
      '@types/unist': 3.0.3
      nlcst-to-string: 4.0.0

  nlcst-normalize@4.0.0:
    dependencies:
      '@types/nlcst': 2.0.3
      nlcst-to-string: 4.0.0

  nlcst-search@4.0.0:
    dependencies:
      '@types/nlcst': 2.0.3
      nlcst-is-literal: 3.0.0
      nlcst-normalize: 4.0.0
      unist-util-visit: 5.1.0

  nlcst-to-string@4.0.0:
    dependencies:
      '@types/nlcst': 2.0.3

  parse-latin@7.0.0:
    dependencies:
      '@types/nlcst': 2.0.3
      '@types/unist': 3.0.3
      nlcst-to-string: 4.0.0
      unist-util-modify-children: 4.0.0
      unist-util-visit-children: 3.0.0
      vfile: 6.0.3

  retext-latin@4.0.0:
    dependencies:
      '@types/nlcst': 2.0.3
      parse-latin: 7.0.0
      unified: 11.0.5

  retext-passive@5.0.0:
    dependencies:
      '@types/nlcst': 2.0.3
      nlcst-search: 4.0.0
      nlcst-to-string: 4.0.0
      unist-util-find-before: 4.0.1
      unist-util-position: 5.0.0
      vfile: 6.0.3

  retext-stringify@4.0.0:
    dependencies:
      '@types/nlcst': 2.0.3
      nlcst-to-string: 4.0.0
      unified: 11.0.5

  retext@9.0.0:
    dependencies:
      '@types/nlcst': 2.0.3
      retext-latin: 4.0.0
      retext-stringify: 4.0.0
      unified: 11.0.5

  trough@2.2.0: {}

  undici-types@7.16.0: {}

  unified@11.0.5:
    dependencies:
      '@types/unist': 3.0.3
      bail: 2.0.2
      devlop: 1.1.0
      extend: 3.0.2
      is-plain-obj: 4.1.0
      trough: 2.2.0
      vfile: 6.0.3

  unist-util-find-before@4.0.1:
    dependencies:
      '@types/unist': 3.0.3
      unist-util-is: 6.0.1

  unist-util-is@6.0.1:
    dependencies:
      '@types/unist': 3.0.3

  unist-util-modify-children@4.0.0:
    dependencies:
      '@types/unist': 3.0.3
      array-iterate: 2.0.1

  unist-util-position@5.0.0:
    dependencies:
      '@types/unist': 3.0.3

  unist-util-stringify-position@4.0.0:
    dependencies:
      '@types/unist': 3.0.3

  unist-util-visit-children@3.0.0:
    dependencies:
      '@types/unist': 3.0.3

  unist-util-visit-parents@6.0.2:
    dependencies:
      '@types/unist': 3.0.3
      unist-util-is: 6.0.1

  unist-util-visit@5.1.0:
    dependencies:
      '@types/unist': 3.0.3
      unist-util-is: 6.0.1
      unist-util-visit-parents: 6.0.2

  vfile-message@4.0.3:
    dependencies:
      '@types/unist': 3.0.3
      unist-util-stringify-position: 4.0.0

  vfile@6.0.3:
    dependencies:
      '@types/unist': 3.0.3
      vfile-message: 4.0.3

  whatwg-mimetype@3.0.0: {}

  ws@8.21.1: {}
