lockfileVersion: '9.0'

settings:
  autoInstallPeers: true
  excludeLinksFromLockfile: false

importers:

  .: {}

  experiments/v4:
    dependencies:
      acorn:
        specifier: ^8.17.0
        version: 8.17.0
      happy-dom:
        specifier: ^20.11.0
        version: 20.11.0
      retext:
        specifier: ^9.0.0
        version: 9.0.0
      retext-passive:
        specifier: ^5.0.0
        version: 5.0.0
      retext-stringify:
        specifier: ^4.0.0
        version: 4.0.0
    devDependencies:
      '@types/node':
        specifier: ^26.1.2
        version: 26.1.2
      '@volar/kit':
        specifier: 2.4.28
        version: 2.4.28(typescript@6.0.3)
      '@volar/language-core':
        specifier: 2.4.28
        version: 2.4.28
      '@volar/language-server':
        specifier: 2.4.28
        version: 2.4.28
      '@volar/typescript':
        specifier: 2.4.28
        version: 2.4.28
      typescript:
        specifier: 6.0.3
        version: 6.0.3
      volar-service-typescript:
        specifier: ^0.0.71
        version: 0.0.71(@volar/language-service@2.4.28)
      vscode-uri:
        specifier: ^3.1.0
        version: 3.1.0

packages:

  '@types/nlcst@2.0.3':
    resolution: {integrity: sha512-vSYNSDe6Ix3q+6Z7ri9lyWqgGhJTmzRjZRqyq15N0Z/1/UnVsno9G/N40NBijoYx2seFDIl0+B2mgAb9mezUCA==}

  '@types/node@25.0.10':
    resolution: {integrity: sha512-zWW5KPngR/yvakJgGOmZ5vTBemDoSqF3AcV/LrO5u5wTWyEAVVh+IT39G4gtyAkh3CtTZs8aX/yRM82OfzHJRg==}

  '@types/node@26.1.2':
    resolution: {integrity: sha512-Vu4a5UFA9rIIFJ7rB/Vaafh9lrCQszopTCx6KjFboXTGQbPNasehVR5TEiithSDGyd1DEiUByggTZsg8jukeIg==}

  '@types/unist@3.0.3':
    resolution: {integrity: sha512-ko/gIFJRv177XgZsZcBwnqJN5x/Gien8qNOn0D5bQU/zAzVf9Zt3BlcUiLqhV9y4ARk0GbT3tnUiPNgnTXzc/Q==}

  '@types/whatwg-mimetype@3.0.2':
    resolution: {integrity: sha512-c2AKvDT8ToxLIOUlN51gTiHXflsfIFisS4pO7pDPoKouJCESkhZnEy623gwP9laCy5lnLDAw1vAzu2vM2YLOrA==}

  '@types/ws@8.18.1':
    resolution: {integrity: sha512-ThVF6DCVhA8kUGy+aazFQ4kXQ7E1Ty7A3ypFOe0IcJV8O/M511G99AW24irKrW56Wt44yG9+ij8FaqoBGkuBXg==}

  '@volar/kit@2.4.28':
    resolution: {integrity: sha512-cKX4vK9dtZvDRaAzeoUdaAJEew6IdxHNCRrdp5Kvcl6zZOqb6jTOfk3kXkIkG3T7oTFXguEMt5+9ptyqYR84Pg==}
    peerDependencies:
      typescript: '*'

  '@volar/language-core@2.4.28':
    resolution: {integrity: sha512-w4qhIJ8ZSitgLAkVay6AbcnC7gP3glYM3fYwKV3srj8m494E3xtrCv6E+bWviiK/8hs6e6t1ij1s2Endql7vzQ==}

  '@volar/language-server@2.4.28':
    resolution: {integrity: sha512-NqcLnE5gERKuS4PUFwlhMxf6vqYo7hXtbMFbViXcbVkbZ905AIVWhnSo0ZNBC2V127H1/2zP7RvVOVnyITFfBw==}

  '@volar/language-service@2.4.28':
    resolution: {integrity: sha512-Rh/wYCZJrI5vCwMk9xyw/Z+MsWxlJY1rmMZPsxUoJKfzIRjS/NF1NmnuEcrMbEVGja00aVpCsInJfixQTMdvLw==}

  '@volar/source-map@2.4.28':
    resolution: {integrity: sha512-yX2BDBqJkRXfKw8my8VarTyjv48QwxdJtvRgUpNE5erCsgEUdI2DsLbpa+rOQVAJYshY99szEcRDmyHbF10ggQ==}

  '@volar/typescript@2.4.28':
    resolution: {integrity: sha512-Ja6yvWrbis2QtN4ClAKreeUZPVYMARDYZl9LMEv1iQ1QdepB6wn0jTRxA9MftYmYa4DQ4k/DaSZpFPUfxl8giw==}

  acorn@8.17.0:
    resolution: {integrity: sha512-xRQbDb9BnwDafYNn6Vwl839DYVjqXYb1XVGtWAZ1kcDc6iwAL4hg3B1dZlRiuENFeO2H53gFG3in621AdERVAg==}
    engines: {node: '>=0.4.0'}
    hasBin: true

  array-iterate@2.0.1:
    resolution: {integrity: sha512-I1jXZMjAgCMmxT4qxXfPXa6SthSoE8h6gkSI9BGGNv8mP8G/v0blc+qFnZu6K42vTOiuME596QaLO0TP3Lk0xg==}

  bail@2.0.2:
    resolution: {integrity: sha512-0xO6mYd7JB2YesxDKplafRpsiOzPt9V02ddPCLbY1xYGPOX24NTyN50qnUxgCPcSoYMhKpAuBTjQoRZCAkUDRw==}

  buffer-image-size@0.6.4:
    resolution: {integrity: sha512-nEh+kZOPY1w+gcCMobZ6ETUp9WfibndnosbpwB1iJk/8Gt5ZF2bhS6+B6bPYz424KtwsR6Rflc3tCz1/ghX2dQ==}
    engines: {node: '>=4.0'}

  dequal@2.0.3:
    resolution: {integrity: sha512-0je+qPKHEMohvfRTCEo3CrPG6cAzAYgmzKyxRiYSSDkS6eGJdyVJm7WaYA5ECaAD9wLB2T4EEeymA5aFVcYXCA==}
    engines: {node: '>=6'}

  devlop@1.1.0:
    resolution: {integrity: sha512-RWmIqhcFf1lRYBvNmr7qTNuyCt/7/ns2jbpp1+PalgE/rDQcBT0fioSMUpJ93irlUhC5hrg4cYqe6U+0ImW0rA==}

  entities@7.0.1:
    resolution: {integrity: sha512-TWrgLOFUQTH994YUyl1yT4uyavY5nNB5muff+RtWaqNVCAK408b5ZnnbNAUEWLTCpum9w6arT70i1XdQ4UeOPA==}
    engines: {node: '>=0.12'}

  extend@3.0.2:
    resolution: {integrity: sha512-fjquC59cD7CyW6urNXK0FBufkZcoiGG80wTuPujX590cB5Ttln20E2UB4S/WARVqhXffZl2LNgS+gQdPIIim/g==}

  happy-dom@20.11.0:
    resolution: {integrity: sha512-XogN4asPd1a56di9prVG6bZxteNcXsZxxKmAvcEfc5Px5Ca2hMyMgk8wvqK2K1V8zXg40j9VANXsDaJYh9DeNA==}
    engines: {node: '>=20.0.0'}

  is-plain-obj@4.1.0:
    resolution: {integrity: sha512-+Pgi+vMuUNkJyExiMBt5IlFoMyKnr5zhJ4Uspz58WOhBF5QoIZkFyNHIbBAtHwzVAgk5RtndVNsDRN61/mmDqg==}
    engines: {node: '>=12'}

  nlcst-is-literal@3.0.0:
    resolution: {integrity: sha512-LRlEzrPojNGqS5J48J5spHwwhri2mPAdls8Tf1u3h6cx2XLmBKpW97gIYo+J/nPR3DyjgX3aKginSEK53OWTCA==}

  nlcst-normalize@4.0.0:
    resolution: {integrity: sha512-R7t5UaYyCB6vN/o9PKGM/kFf5exb8RDiS6cx5BC1r3wKSHFtUyAehEVwT5TXG19sAOrM6O2QxXdWM9/tPdQseA==}

  nlcst-search@4.0.0:
    resolution: {integrity: sha512-QYewpDKfNwWmIoX6NTMn75/V4KFLTI5y8Am8QfqHTLjI1yl//1WCOiTEycG6wO5qcsSQ7i13ULfOhmjVsKd7yA==}

  nlcst-to-string@4.0.0:
    resolution: {integrity: sha512-YKLBCcUYKAg0FNlOBT6aI91qFmSiFKiluk655WzPF+DDMA02qIyy8uiRqI8QXtcFpEvll12LpL5MXqEmAZ+dcA==}

  parse-latin@7.0.0:
    resolution: {integrity: sha512-mhHgobPPua5kZ98EF4HWiH167JWBfl4pvAIXXdbaVohtK7a6YBOy56kvhCqduqyo/f3yrHFWmqmiMg/BkBkYYQ==}

  path-browserify@1.0.1:
    resolution: {integrity: sha512-b7uo2UCUOYZcnF/3ID0lulOJi/bafxa1xPe7ZPsammBSpjSWQkjNxlt635YGS2MiR9GjvuXCtz2emr3jbsz98g==}

  request-light@0.7.0:
    resolution: {integrity: sha512-lMbBMrDoxgsyO+yB3sDcrDuX85yYt7sS8BfQd11jtbW/z5ZWgLZRcEGLsLoYw7I0WSUGQBs8CC8ScIxkTX1+6Q==}

  retext-latin@4.0.0:
    resolution: {integrity: sha512-hv9woG7Fy0M9IlRQloq/N6atV82NxLGveq+3H2WOi79dtIYWN8OaxogDm77f8YnVXJL2VD3bbqowu5E3EMhBYA==}

  retext-passive@5.0.0:
    resolution: {integrity: sha512-N9PpBPvE37Z5h/hvgfSIFJNB4E/iYJ9EHr848t53hbKRJkD7hWJf4D+UOIj5fxjOOO/WQKX53xLypEQxHWuCtA==}

  retext-stringify@4.0.0:
    resolution: {integrity: sha512-rtfN/0o8kL1e+78+uxPTqu1Klt0yPzKuQ2BfWwwfgIUSayyzxpM1PJzkKt4V8803uB9qSy32MvI7Xep9khTpiA==}

  retext@9.0.0:
    resolution: {integrity: sha512-sbMDcpHCNjvlheSgMfEcVrZko3cDzdbe1x/e7G66dFp0Ff7Mldvi2uv6JkJQzdRcvLYE8CA8Oe8siQx8ZOgTcA==}

  semver@7.7.3:
    resolution: {integrity: sha512-SdsKMrI9TdgjdweUSR9MweHA4EJ8YxHn8DFaDisvhVlUOe4BF1tLD7GAj0lIqWVl+dPb/rExr0Btby5loQm20Q==}
    engines: {node: '>=10'}
    hasBin: true

  trough@2.2.0:
    resolution: {integrity: sha512-tmMpK00BjZiUyVyvrBK7knerNgmgvcV/KLVyuma/SC+TQN167GrMRciANTz09+k3zW8L8t60jWO1GpfkZdjTaw==}

  typesafe-path@0.2.2:
    resolution: {integrity: sha512-OJabfkAg1WLZSqJAJ0Z6Sdt3utnbzr/jh+NAHoyWHJe8CMSy79Gm085094M9nvTPy22KzTVn5Zq5mbapCI/hPA==}

  typescript-auto-import-cache@0.3.6:
    resolution: {integrity: sha512-RpuHXrknHdVdK7wv/8ug3Fr0WNsNi5l5aB8MYYuXhq2UH5lnEB1htJ1smhtD5VeCsGr2p8mUDtd83LCQDFVgjQ==}

  typescript@6.0.3:
    resolution: {integrity: sha512-y2TvuxSZPDyQakkFRPZHKFm+KKVqIisdg9/CZwm9ftvKXLP8NRWj38/ODjNbr43SsoXqNuAisEf1GdCxqWcdBw==}
    engines: {node: '>=14.17'}
    hasBin: true

  undici-types@7.16.0:
    resolution: {integrity: sha512-Zz+aZWSj8LE6zoxD+xrjh4VfkIG8Ya6LvYkZqtUQGJPZjYl53ypCaUwWqo7eI0x66KBGeRo+mlBEkMSeSZ38Nw==}

  undici-types@8.3.0:
    resolution: {integrity: sha512-j375ScV60dom+YkPFIfTLcOiPxkN/buHz5GobjLhixFuANaNs3C9l4GmrWqejgXWJ7BbJcFYpTEUkS1Ge8bpZQ==}

  unified@11.0.5:
    resolution: {integrity: sha512-xKvGhPWw3k84Qjh8bI3ZeJjqnyadK+GEFtazSfZv/rKeTkTjOJho6mFqh2SM96iIcZokxiOpg78GazTSg8+KHA==}

  unist-util-find-before@4.0.1:
    resolution: {integrity: sha512-hfpCNqPbCOseOjHU8oBkRXM8gDQ++Ua3dN7sDYz7VJ+1alt+yd/I+ECZDhv1aqpJ1x47AHbzP/xA0jWf4omAIw==}

  unist-util-is@6.0.1:
    resolution: {integrity: sha512-LsiILbtBETkDz8I9p1dQ0uyRUWuaQzd/cuEeS1hoRSyW5E5XGmTzlwY1OrNzzakGowI9Dr/I8HVaw4hTtnxy8g==}

  unist-util-modify-children@4.0.0:
    resolution: {integrity: sha512-+tdN5fGNddvsQdIzUF3Xx82CU9sMM+fA0dLgR9vOmT0oPT2jH+P1nd5lSqfCfXAw+93NhcXNY2qqvTUtE4cQkw==}

  unist-util-position@5.0.0:
    resolution: {integrity: sha512-fucsC7HjXvkB5R3kTCO7kUjRdrS0BJt3M/FPxmHMBOm8JQi2BsHAHFsy27E0EolP8rp0NzXsJ+jNPyDWvOJZPA==}

  unist-util-stringify-position@4.0.0:
    resolution: {integrity: sha512-0ASV06AAoKCDkS2+xw5RXJywruurpbC4JZSm7nr7MOt1ojAzvyyaO+UxZf18j8FCF6kmzCZKcAgN/yu2gm2XgQ==}

  unist-util-visit-children@3.0.0:
    resolution: {integrity: sha512-RgmdTfSBOg04sdPcpTSD1jzoNBjt9a80/ZCzp5cI9n1qPzLZWF9YdvWGN2zmTumP1HWhXKdUWexjy/Wy/lJ7tA==}

  unist-util-visit-parents@6.0.2:
    resolution: {integrity: sha512-goh1s1TBrqSqukSc8wrjwWhL0hiJxgA8m4kFxGlQ+8FYQ3C/m11FcTs4YYem7V664AhHVvgoQLk890Ssdsr2IQ==}

  unist-util-visit@5.1.0:
    resolution: {integrity: sha512-m+vIdyeCOpdr/QeQCu2EzxX/ohgS8KbnPDgFni4dQsfSCtpz8UqDyY5GjRru8PDKuYn7Fq19j1CQ+nJSsGKOzg==}

  vfile-message@4.0.3:
    resolution: {integrity: sha512-QTHzsGd1EhbZs4AsQ20JX1rC3cOlt/IWJruk893DfLRr57lcnOeMaWG4K0JrRta4mIJZKth2Au3mM3u03/JWKw==}

  vfile@6.0.3:
    resolution: {integrity: sha512-KzIbH/9tXat2u30jf+smMwFCsno4wHVdNmzFyL+T/L3UGqqk6JKfVqOFOZEpZSHADH1k40ab6NUIXZq422ov3Q==}

  volar-service-typescript@0.0.71:
    resolution: {integrity: sha512-yTtM/BVT6hoyEYnDtaCyAtNhdNeS/mhTTABlBOdw3NNiRBUin3IznFJpgfjer4c6RYopiPjjQjc9VFhxVl1mLw==}
    peerDependencies:
      '@volar/language-service': ~2.4.0
    peerDependenciesMeta:
      '@volar/language-service':
        optional: true

  vscode-jsonrpc@8.2.0:
    resolution: {integrity: sha512-C+r0eKJUIfiDIfwJhria30+TYWPtuHJXHtI7J0YlOmKAo7ogxP20T0zxB7HZQIFhIyvoBPwWskjxrvAtfjyZfA==}
    engines: {node: '>=14.0.0'}

  vscode-jsonrpc@9.0.1:
    resolution: {integrity: sha512-rfuA6T75H6m5EkbhtEPzre9pT0HPcDI2MMy4+nPFIBks5J8JBAUHD4tRYSgaBOijIEC7SRkC1kKyXTLqbmh9jw==}
    engines: {node: '>=14.0.0'}

  vscode-languageserver-protocol@3.17.5:
    resolution: {integrity: sha512-mb1bvRJN8SVznADSGWM9u/b07H7Ecg0I3OgXDuLdn307rl/J3A9YD6/eYOssqhecL27hK1IPZAsaqh00i/Jljg==}

  vscode-languageserver-protocol@3.18.2:
    resolution: {integrity: sha512-XRyDbT0Pp3sSNti3JmxVEUMySWCSi1hhM+/KUlCy1hV1zmrqpM1OwO12EAki8blhmLuIMpaJrYbo0OzGVfK2Qg==}

  vscode-languageserver-textdocument@1.0.12:
    resolution: {integrity: sha512-cxWNPesCnQCcMPeenjKKsOCKQZ/L6Tv19DTRIGuLWe32lyzWhihGVJ/rcckZXJxfdKCFvRLS3fpBIsV/ZGX4zA==}

  vscode-languageserver-types@3.17.5:
    resolution: {integrity: sha512-Ld1VelNuX9pdF39h2Hgaeb5hEZM2Z3jUrrMgWQAu82jMtZp7p3vJT3BzToKtZI7NgQssZje5o0zryOrhQvzQAg==}

  vscode-languageserver-types@3.18.0:
    resolution: {integrity: sha512-8TsGPNMIMiiBdkORgRSvLjuiEIiAFtO+KssmYWxQ+uSVvlf7RjK8YKCOjPzZ+YA04jXEV7+7LvkSmHkhpNS99g==}

  vscode-languageserver@9.0.1:
    resolution: {integrity: sha512-woByF3PDpkHFUreUa7Hos7+pUWdeWMXRd26+ZX2A8cFx6v/JPTtd4/uN0/jB6XQHYaOlHbio03NTHCqrgG5n7g==}
    hasBin: true

  vscode-nls@5.2.0:
    resolution: {integrity: sha512-RAaHx7B14ZU04EU31pT+rKz2/zSl7xMsfIZuo8pd+KZO6PXtQmpevpq3vxvWNcrGbdmhM/rr5Uw5Mz+NBfhVng==}

  vscode-uri@3.1.0:
    resolution: {integrity: sha512-/BpdSx+yCQGnCvecbyXdxHDkuk55/G3xwnC0GqY4gmQ3j+A+g8kzzgB4Nk/SINjqn6+waqw3EgbVF2QKExkRxQ==}

  whatwg-mimetype@3.0.0:
    resolution: {integrity: sha512-nt+N2dzIutVRxARx1nghPKGv1xHikU7HKdfafKkLNLindmPU/ch3U31NOCGGA/dmPcmb1VlofO0vnKAcsm0o/Q==}
    engines: {node: '>=12'}

  ws@8.21.1:
    resolution: {integrity: sha512-+0NTnW77fFN/DjQi6k/Sq/Yvk4Sgajw7urW8V+asjXnRgDs9gyGkdb7EzgfhA4goXsRIZKE28fzIXBHEzhuiWw==}
    engines: {node: '>=10.0.0'}
    peerDependencies:
      bufferutil: ^4.0.1
      utf-8-validate: '>=5.0.2'
    peerDependenciesMeta:
      bufferutil:
        optional: true
      utf-8-validate:
        optional: true

snapshots:

  '@types/nlcst@2.0.3':
    dependencies:
      '@types/unist': 3.0.3

  '@types/node@25.0.10':
    dependencies:
      undici-types: 7.16.0

  '@types/node@26.1.2':
    dependencies:
      undici-types: 8.3.0

  '@types/unist@3.0.3': {}

  '@types/whatwg-mimetype@3.0.2': {}

  '@types/ws@8.18.1':
    dependencies:
      '@types/node': 25.0.10

  '@volar/kit@2.4.28(typescript@6.0.3)':
    dependencies:
      '@volar/language-service': 2.4.28
      '@volar/typescript': 2.4.28
      typesafe-path: 0.2.2
      typescript: 6.0.3
      vscode-languageserver-textdocument: 1.0.12
      vscode-uri: 3.1.0

  '@volar/language-core@2.4.28':
    dependencies:
      '@volar/source-map': 2.4.28

  '@volar/language-server@2.4.28':
    dependencies:
      '@volar/language-core': 2.4.28
      '@volar/language-service': 2.4.28
      '@volar/typescript': 2.4.28
      path-browserify: 1.0.1
      request-light: 0.7.0
      vscode-languageserver: 9.0.1
      vscode-languageserver-protocol: 3.18.2
      vscode-languageserver-textdocument: 1.0.12
      vscode-uri: 3.1.0

  '@volar/language-service@2.4.28':
    dependencies:
      '@volar/language-core': 2.4.28
      vscode-languageserver-protocol: 3.18.2
      vscode-languageserver-textdocument: 1.0.12
      vscode-uri: 3.1.0

  '@volar/source-map@2.4.28': {}

  '@volar/typescript@2.4.28':
    dependencies:
      '@volar/language-core': 2.4.28
      path-browserify: 1.0.1
      vscode-uri: 3.1.0

  acorn@8.17.0: {}

  array-iterate@2.0.1: {}

  bail@2.0.2: {}

  buffer-image-size@0.6.4:
    dependencies:
      '@types/node': 25.0.10

  dequal@2.0.3: {}

  devlop@1.1.0:
    dependencies:
      dequal: 2.0.3

  entities@7.0.1: {}

  extend@3.0.2: {}

  happy-dom@20.11.0:
    dependencies:
      '@types/node': 25.0.10
      '@types/whatwg-mimetype': 3.0.2
      '@types/ws': 8.18.1
      buffer-image-size: 0.6.4
      entities: 7.0.1
      whatwg-mimetype: 3.0.0
      ws: 8.21.1
    transitivePeerDependencies:
      - bufferutil
      - utf-8-validate

  is-plain-obj@4.1.0: {}

  nlcst-is-literal@3.0.0:
    dependencies:
      '@types/nlcst': 2.0.3
      '@types/unist': 3.0.3
      nlcst-to-string: 4.0.0

  nlcst-normalize@4.0.0:
    dependencies:
      '@types/nlcst': 2.0.3
      nlcst-to-string: 4.0.0

  nlcst-search@4.0.0:
    dependencies:
      '@types/nlcst': 2.0.3
      nlcst-is-literal: 3.0.0
      nlcst-normalize: 4.0.0
      unist-util-visit: 5.1.0

  nlcst-to-string@4.0.0:
    dependencies:
      '@types/nlcst': 2.0.3

  parse-latin@7.0.0:
    dependencies:
      '@types/nlcst': 2.0.3
      '@types/unist': 3.0.3
      nlcst-to-string: 4.0.0
      unist-util-modify-children: 4.0.0
      unist-util-visit-children: 3.0.0
      vfile: 6.0.3

  path-browserify@1.0.1: {}

  request-light@0.7.0: {}

  retext-latin@4.0.0:
    dependencies:
      '@types/nlcst': 2.0.3
      parse-latin: 7.0.0
      unified: 11.0.5

  retext-passive@5.0.0:
    dependencies:
      '@types/nlcst': 2.0.3
      nlcst-search: 4.0.0
      nlcst-to-string: 4.0.0
      unist-util-find-before: 4.0.1
      unist-util-position: 5.0.0
      vfile: 6.0.3

  retext-stringify@4.0.0:
    dependencies:
      '@types/nlcst': 2.0.3
      nlcst-to-string: 4.0.0
      unified: 11.0.5

  retext@9.0.0:
    dependencies:
      '@types/nlcst': 2.0.3
      retext-latin: 4.0.0
      retext-stringify: 4.0.0
      unified: 11.0.5

  semver@7.7.3: {}

  trough@2.2.0: {}

  typesafe-path@0.2.2: {}

  typescript-auto-import-cache@0.3.6:
    dependencies:
      semver: 7.7.3

  typescript@6.0.3: {}

  undici-types@7.16.0: {}

  undici-types@8.3.0: {}

  unified@11.0.5:
    dependencies:
      '@types/unist': 3.0.3
      bail: 2.0.2
      devlop: 1.1.0
      extend: 3.0.2
      is-plain-obj: 4.1.0
      trough: 2.2.0
      vfile: 6.0.3

  unist-util-find-before@4.0.1:
    dependencies:
      '@types/unist': 3.0.3
      unist-util-is: 6.0.1

  unist-util-is@6.0.1:
    dependencies:
      '@types/unist': 3.0.3

  unist-util-modify-children@4.0.0:
    dependencies:
      '@types/unist': 3.0.3
      array-iterate: 2.0.1

  unist-util-position@5.0.0:
    dependencies:
      '@types/unist': 3.0.3

  unist-util-stringify-position@4.0.0:
    dependencies:
      '@types/unist': 3.0.3

  unist-util-visit-children@3.0.0:
    dependencies:
      '@types/unist': 3.0.3

  unist-util-visit-parents@6.0.2:
    dependencies:
      '@types/unist': 3.0.3
      unist-util-is: 6.0.1

  unist-util-visit@5.1.0:
    dependencies:
      '@types/unist': 3.0.3
      unist-util-is: 6.0.1
      unist-util-visit-parents: 6.0.2

  vfile-message@4.0.3:
    dependencies:
      '@types/unist': 3.0.3
      unist-util-stringify-position: 4.0.0

  vfile@6.0.3:
    dependencies:
      '@types/unist': 3.0.3
      vfile-message: 4.0.3

  volar-service-typescript@0.0.71(@volar/language-service@2.4.28):
    dependencies:
      path-browserify: 1.0.1
      semver: 7.7.3
      typescript-auto-import-cache: 0.3.6
      vscode-languageserver-textdocument: 1.0.12
      vscode-nls: 5.2.0
      vscode-uri: 3.1.0
    optionalDependencies:
      '@volar/language-service': 2.4.28

  vscode-jsonrpc@8.2.0: {}

  vscode-jsonrpc@9.0.1: {}

  vscode-languageserver-protocol@3.17.5:
    dependencies:
      vscode-jsonrpc: 8.2.0
      vscode-languageserver-types: 3.17.5

  vscode-languageserver-protocol@3.18.2:
    dependencies:
      vscode-jsonrpc: 9.0.1
      vscode-languageserver-types: 3.18.0

  vscode-languageserver-textdocument@1.0.12: {}

  vscode-languageserver-types@3.17.5: {}

  vscode-languageserver-types@3.18.0: {}

  vscode-languageserver@9.0.1:
    dependencies:
      vscode-languageserver-protocol: 3.17.5

  vscode-nls@5.2.0: {}

  vscode-uri@3.1.0: {}

  whatwg-mimetype@3.0.0: {}

  ws@8.21.1: {}
